
Microsoft Visual Studio Solution File, Format Version 12.00
# Visual Studio Version 16
VisualStudioVersion = 16.0.30225.117
MinimumVisualStudioVersion = 10.0.40219.1
Project("{8BC9CEB8-8B4A-11D0-8D11-00A0C91BC942}") = "zaiko", "zaiko\zaiko.vcxproj", "{876F1911-A684-4238-BDD6-5EC801784D5C}"
EndProject
Global
	GlobalSection(SolutionConfigurationPlatforms) = preSolution
		Debug|x64 = Debug|x64
		Debug|x86 = Debug|x86
		Release|x64 = Release|x64
		Release|x86 = Release|x86
	EndGlobalSection
	GlobalSection(ProjectConfigurationPlatforms) = postSolution
		{876F1911-A684-4238-BDD6-5EC801784D5C}.Debug|x64.ActiveCfg = Debug|x64
		{876F1911-A684-4238-BDD6-5EC801784D5C}.Debug|x64.Build.0 = Debug|x64
		{876F1911-A684-4238-BDD6-5EC801784D5C}.Debug|x86.ActiveCfg = Debug|Win32
		{876F1911-A684-4238-BDD6-5EC801784D5C}.Debug|x86.Build.0 = Debug|Win32
		{876F1911-A684-4238-BDD6-5EC801784D5C}.Release|x64.ActiveCfg = Release|x64
		{876F1911-A684-4238-BDD6-5EC801784D5C}.Release|x64.Build.0 = Release|x64
		{876F1911-A684-4238-BDD6-5EC801784D5C}.Release|x86.ActiveCfg = Release|Win32
		{876F1911-A684-4238-BDD6-5EC801784D5C}.Release|x86.Build.0 = Release|Win32
	EndGlobalSection
	GlobalSection(SolutionProperties) = preSolution
		HideSolutionNode = FALSE
	EndGlobalSection
	GlobalSection(ExtensibilityGlobals) = postSolution
		SolutionGuid = {C46404DE-B1D3-4676-A1F9-1D4DC14797C4}
	EndGlobalSection
EndGlobal
